
Microsoft Visual Studio Solution File, Format Version 12.00
# Visual Studio 15
VisualStudioVersion = 15.0.27703.2047
MinimumVisualStudioVersion = 10.0.40219.1
Project("{FAE04EC0-301F-11D3-BF4B-00C04F79EFBC}") = "Epsiloner.Wpf.Core", "Epsiloner.Wpf.Core\Epsiloner.Wpf.Core.csproj", "{CC40570D-68E5-43C7-A609-4CBD60D5693F}"
EndProject
Global
	GlobalSection(SolutionConfigurationPlatforms) = preSolution
		Debug|Any CPU = Debug|Any CPU
		Release|Any CPU = Release|Any CPU
	EndGlobalSection
	GlobalSection(ProjectConfigurationPlatforms) = postSolution
		{CC40570D-68E5-43C7-A609-4CBD60D5693F}.Debug|Any CPU.ActiveCfg = Debug|Any CPU
		{CC40570D-68E5-43C7-A609-4CBD60D5693F}.Debug|Any CPU.Build.0 = Debug|Any CPU
		{CC40570D-68E5-43C7-A609-4CBD60D5693F}.Release|Any CPU.ActiveCfg = Release|Any CPU
		{CC40570D-68E5-43C7-A609-4CBD60D5693F}.Release|Any CPU.Build.0 = Release|Any CPU
	EndGlobalSection
	GlobalSection(SolutionProperties) = preSolution
		HideSolutionNode = FALSE
	EndGlobalSection
	GlobalSection(ExtensibilityGlobals) = postSolution
		SolutionGuid = {5B1BD1EA-30AB-42D7-9713-C7AAAF476679}
	EndGlobalSection
EndGlobal
