
Microsoft Visual Studio Solution File, Format Version 12.00
# Visual Studio 15
VisualStudioVersion = 15.0.27703.2047
MinimumVisualStudioVersion = 10.0.40219.1
Project("{9A19103F-16F7-4668-BE54-9A1E7A4F7556}") = "Epsiloner.Wpf.Core", "Epsiloner.Wpf.Core\Epsiloner.Wpf.Core.csproj", "{CC40570D-68E5-43C7-A609-4CBD60D5693F}"
EndProject
Project("{2150E333-8FDC-42A3-9474-1A3956D46DE8}") = "Solution Items", "Solution Items", "{7CAA7BE4-293C-4460-A825-6A8052A891FB}"
	ProjectSection(SolutionItems) = preProject
		changelog.txt = changelog.txt
	EndProjectSection
EndProject
Project("{FAE04EC0-301F-11D3-BF4B-00C04F79EFBC}") = "Sample_1", "Samples\Sample_1\Sample_1.csproj", "{03AB124A-162D-4EE4-9E91-0E9956C812DB}"
EndProject
Project("{2150E333-8FDC-42A3-9474-1A3956D46DE8}") = "Samples", "Samples", "{B4936033-EC76-470C-8A5C-AD06D87B8270}"
EndProject
Global
	GlobalSection(SolutionConfigurationPlatforms) = preSolution
		Debug|Any CPU = Debug|Any CPU
		Release|Any CPU = Release|Any CPU
	EndGlobalSection
	GlobalSection(ProjectConfigurationPlatforms) = postSolution
		{CC40570D-68E5-43C7-A609-4CBD60D5693F}.Debug|Any CPU.ActiveCfg = Debug|Any CPU
		{CC40570D-68E5-43C7-A609-4CBD60D5693F}.Debug|Any CPU.Build.0 = Debug|Any CPU
		{CC40570D-68E5-43C7-A609-4CBD60D5693F}.Release|Any CPU.ActiveCfg = Release|Any CPU
		{CC40570D-68E5-43C7-A609-4CBD60D5693F}.Release|Any CPU.Build.0 = Release|Any CPU
		{03AB124A-162D-4EE4-9E91-0E9956C812DB}.Debug|Any CPU.ActiveCfg = Debug|Any CPU
		{03AB124A-162D-4EE4-9E91-0E9956C812DB}.Debug|Any CPU.Build.0 = Debug|Any CPU
		{03AB124A-162D-4EE4-9E91-0E9956C812DB}.Release|Any CPU.ActiveCfg = Release|Any CPU
		{03AB124A-162D-4EE4-9E91-0E9956C812DB}.Release|Any CPU.Build.0 = Release|Any CPU
	EndGlobalSection
	GlobalSection(SolutionProperties) = preSolution
		HideSolutionNode = FALSE
	EndGlobalSection
	GlobalSection(NestedProjects) = preSolution
		{03AB124A-162D-4EE4-9E91-0E9956C812DB} = {B4936033-EC76-470C-8A5C-AD06D87B8270}
	EndGlobalSection
	GlobalSection(ExtensibilityGlobals) = postSolution
		SolutionGuid = {5B1BD1EA-30AB-42D7-9713-C7AAAF476679}
	EndGlobalSection
EndGlobal
